// !$*UTF8*$!
{
	archiveVersion = 1;
	classes = {
	};
	objectVersion = 50;
	objects = {

/* Begin PBXBuildFile section */
		E326478725B75B3E008BDBAF /* AppDelegate.swift in Sources */ = {isa = PBXBuildFile; fileRef = E326478625B75B3E008BDBAF /* AppDelegate.swift */; };
		E326478925B75B3E008BDBAF /* SceneDelegate.swift in Sources */ = {isa = PBXBuildFile; fileRef = E326478825B75B3E008BDBAF /* SceneDelegate.swift */; };
		E326478E25B75B3E008BDBAF /* Main.storyboard in Resources */ = {isa = PBXBuildFile; fileRef = E326478C25B75B3E008BDBAF /* Main.storyboard */; };
		E326479025B75B46008BDBAF /* Assets.xcassets in Resources */ = {isa = PBXBuildFile; fileRef = E326478F25B75B46008BDBAF /* Assets.xcassets */; };
		E326479325B75B46008BDBAF /* LaunchScreen.storyboard in Resources */ = {isa = PBXBuildFile; fileRef = E326479125B75B46008BDBAF /* LaunchScreen.storyboard */; };
		E326479B25B75C12008BDBAF /* RegistrationViewController.swift in Sources */ = {isa = PBXBuildFile; fileRef = E326479A25B75C12008BDBAF /* RegistrationViewController.swift */; };
		E3FA32ED25BEF87B0017CF48 /* FriendsTableViewController.swift in Sources */ = {isa = PBXBuildFile; fileRef = E3FA32EC25BEF87B0017CF48 /* FriendsTableViewController.swift */; };
		E3FA32EF25BEF8900017CF48 /* FriendTableViewCell.swift in Sources */ = {isa = PBXBuildFile; fileRef = E3FA32EE25BEF8900017CF48 /* FriendTableViewCell.swift */; };
		E3FA32F225BF05590017CF48 /* GroupsTableViewCell.swift in Sources */ = {isa = PBXBuildFile; fileRef = E3FA32F125BF05590017CF48 /* GroupsTableViewCell.swift */; };
		E3FA32F425BF056C0017CF48 /* GroupsTableViewController.swift in Sources */ = {isa = PBXBuildFile; fileRef = E3FA32F325BF056C0017CF48 /* GroupsTableViewController.swift */; };
		E3FA32F825BF08680017CF48 /* AvailableGroupTableVC.swift in Sources */ = {isa = PBXBuildFile; fileRef = E3FA32F725BF08680017CF48 /* AvailableGroupTableVC.swift */; };
		E3FA32FA25BF08800017CF48 /* AvailableGroupTableViewCell.swift in Sources */ = {isa = PBXBuildFile; fileRef = E3FA32F925BF08800017CF48 /* AvailableGroupTableViewCell.swift */; };
		E3FA32FE25BF12610017CF48 /* UserClass.swift in Sources */ = {isa = PBXBuildFile; fileRef = E3FA32FD25BF12610017CF48 /* UserClass.swift */; };
		E3FA330025BF126C0017CF48 /* GroupClass.swift in Sources */ = {isa = PBXBuildFile; fileRef = E3FA32FF25BF126C0017CF48 /* GroupClass.swift */; };
/* End PBXBuildFile section */

/* Begin PBXFileReference section */
		E326478325B75B3E008BDBAF /* UI_GB.app */ = {isa = PBXFileReference; explicitFileType = wrapper.application; includeInIndex = 0; path = UI_GB.app; sourceTree = BUILT_PRODUCTS_DIR; };
		E326478625B75B3E008BDBAF /* AppDelegate.swift */ = {isa = PBXFileReference; lastKnownFileType = sourcecode.swift; path = AppDelegate.swift; sourceTree = "<group>"; };
		E326478825B75B3E008BDBAF /* SceneDelegate.swift */ = {isa = PBXFileReference; lastKnownFileType = sourcecode.swift; path = SceneDelegate.swift; sourceTree = "<group>"; };
		E326478D25B75B3E008BDBAF /* Base */ = {isa = PBXFileReference; lastKnownFileType = file.storyboard; name = Base; path = Base.lproj/Main.storyboard; sourceTree = "<group>"; };
		E326478F25B75B46008BDBAF /* Assets.xcassets */ = {isa = PBXFileReference; lastKnownFileType = folder.assetcatalog; path = Assets.xcassets; sourceTree = "<group>"; };
		E326479225B75B46008BDBAF /* Base */ = {isa = PBXFileReference; lastKnownFileType = file.storyboard; name = Base; path = Base.lproj/LaunchScreen.storyboard; sourceTree = "<group>"; };
		E326479425B75B46008BDBAF /* Info.plist */ = {isa = PBXFileReference; lastKnownFileType = text.plist.xml; path = Info.plist; sourceTree = "<group>"; };
		E326479A25B75C12008BDBAF /* RegistrationViewController.swift */ = {isa = PBXFileReference; lastKnownFileType = sourcecode.swift; path = RegistrationViewController.swift; sourceTree = "<group>"; };
		E3FA32EC25BEF87B0017CF48 /* FriendsTableViewController.swift */ = {isa = PBXFileReference; lastKnownFileType = sourcecode.swift; path = FriendsTableViewController.swift; sourceTree = "<group>"; };
		E3FA32EE25BEF8900017CF48 /* FriendTableViewCell.swift */ = {isa = PBXFileReference; lastKnownFileType = sourcecode.swift; path = FriendTableViewCell.swift; sourceTree = "<group>"; };
		E3FA32F125BF05590017CF48 /* GroupsTableViewCell.swift */ = {isa = PBXFileReference; lastKnownFileType = sourcecode.swift; path = GroupsTableViewCell.swift; sourceTree = "<group>"; };
		E3FA32F325BF056C0017CF48 /* GroupsTableViewController.swift */ = {isa = PBXFileReference; lastKnownFileType = sourcecode.swift; path = GroupsTableViewController.swift; sourceTree = "<group>"; };
		E3FA32F725BF08680017CF48 /* AvailableGroupTableVC.swift */ = {isa = PBXFileReference; lastKnownFileType = sourcecode.swift; path = AvailableGroupTableVC.swift; sourceTree = "<group>"; };
		E3FA32F925BF08800017CF48 /* AvailableGroupTableViewCell.swift */ = {isa = PBXFileReference; lastKnownFileType = sourcecode.swift; path = AvailableGroupTableViewCell.swift; sourceTree = "<group>"; };
		E3FA32FD25BF12610017CF48 /* UserClass.swift */ = {isa = PBXFileReference; lastKnownFileType = sourcecode.swift; path = UserClass.swift; sourceTree = "<group>"; };
		E3FA32FF25BF126C0017CF48 /* GroupClass.swift */ = {isa = PBXFileReference; lastKnownFileType = sourcecode.swift; path = GroupClass.swift; sourceTree = "<group>"; };
/* End PBXFileReference section */

/* Begin PBXFrameworksBuildPhase section */
		E326478025B75B3E008BDBAF /* Frameworks */ = {
			isa = PBXFrameworksBuildPhase;
			buildActionMask = 2147483647;
			files = (
			);
			runOnlyForDeploymentPostprocessing = 0;
		};
/* End PBXFrameworksBuildPhase section */

/* Begin PBXGroup section */
		E326477A25B75B3E008BDBAF = {
			isa = PBXGroup;
			children = (
				E326478525B75B3E008BDBAF /* UI_GB */,
				E326478425B75B3E008BDBAF /* Products */,
			);
			sourceTree = "<group>";
		};
		E326478425B75B3E008BDBAF /* Products */ = {
			isa = PBXGroup;
			children = (
				E326478325B75B3E008BDBAF /* UI_GB.app */,
			);
			name = Products;
			sourceTree = "<group>";
		};
		E326478525B75B3E008BDBAF /* UI_GB */ = {
			isa = PBXGroup;
			children = (
				E3FA32F025BF05350017CF48 /* Groups */,
				E3FA32E925BEF81E0017CF48 /* Friends */,
				E326478625B75B3E008BDBAF /* AppDelegate.swift */,
				E326478825B75B3E008BDBAF /* SceneDelegate.swift */,
				E326478C25B75B3E008BDBAF /* Main.storyboard */,
				E326478F25B75B46008BDBAF /* Assets.xcassets */,
				E326479125B75B46008BDBAF /* LaunchScreen.storyboard */,
				E326479425B75B46008BDBAF /* Info.plist */,
				E326479A25B75C12008BDBAF /* RegistrationViewController.swift */,
			);
			path = UI_GB;
			sourceTree = "<group>";
		};
		E3FA32E925BEF81E0017CF48 /* Friends */ = {
			isa = PBXGroup;
			children = (
				E3FA32EC25BEF87B0017CF48 /* FriendsTableViewController.swift */,
				E3FA32EE25BEF8900017CF48 /* FriendTableViewCell.swift */,
			);
			path = Friends;
			sourceTree = "<group>";
		};
		E3FA32F025BF05350017CF48 /* Groups */ = {
			isa = PBXGroup;
			children = (
				E3FA32FC25BF12450017CF48 /* Model */,
				E3FA32FB25BF0D960017CF48 /* My Groups */,
				E3FA32F625BF08370017CF48 /* Available Groups */,
			);
			path = Groups;
			sourceTree = "<group>";
		};
		E3FA32F625BF08370017CF48 /* Available Groups */ = {
			isa = PBXGroup;
			children = (
				E3FA32F725BF08680017CF48 /* AvailableGroupTableVC.swift */,
				E3FA32F925BF08800017CF48 /* AvailableGroupTableViewCell.swift */,
			);
			path = "Available Groups";
			sourceTree = "<group>";
		};
		E3FA32FB25BF0D960017CF48 /* My Groups */ = {
			isa = PBXGroup;
			children = (
				E3FA32F325BF056C0017CF48 /* GroupsTableViewController.swift */,
				E3FA32F125BF05590017CF48 /* GroupsTableViewCell.swift */,
			);
			path = "My Groups";
			sourceTree = "<group>";
		};
		E3FA32FC25BF12450017CF48 /* Model */ = {
			isa = PBXGroup;
			children = (
				E3FA32FD25BF12610017CF48 /* UserClass.swift */,
				E3FA32FF25BF126C0017CF48 /* GroupClass.swift */,
			);
			path = Model;
			sourceTree = "<group>";
		};
/* End PBXGroup section */

/* Begin PBXNativeTarget section */
		E326478225B75B3E008BDBAF /* UI_GB */ = {
			isa = PBXNativeTarget;
			buildConfigurationList = E326479725B75B46008BDBAF /* Build configuration list for PBXNativeTarget "UI_GB" */;
			buildPhases = (
				E326477F25B75B3E008BDBAF /* Sources */,
				E326478025B75B3E008BDBAF /* Frameworks */,
				E326478125B75B3E008BDBAF /* Resources */,
			);
			buildRules = (
			);
			dependencies = (
			);
			name = UI_GB;
			productName = UI_GB;
			productReference = E326478325B75B3E008BDBAF /* UI_GB.app */;
			productType = "com.apple.product-type.application";
		};
/* End PBXNativeTarget section */

/* Begin PBXProject section */
		E326477B25B75B3E008BDBAF /* Project object */ = {
			isa = PBXProject;
			attributes = {
				LastSwiftUpdateCheck = 1140;
				LastUpgradeCheck = 1140;
				ORGANIZATIONNAME = "Артем Балышев";
				TargetAttributes = {
					E326478225B75B3E008BDBAF = {
						CreatedOnToolsVersion = 11.4.1;
					};
				};
			};
			buildConfigurationList = E326477E25B75B3E008BDBAF /* Build configuration list for PBXProject "UI_GB" */;
			compatibilityVersion = "Xcode 9.3";
			developmentRegion = en;
			hasScannedForEncodings = 0;
			knownRegions = (
				en,
				Base,
			);
			mainGroup = E326477A25B75B3E008BDBAF;
			productRefGroup = E326478425B75B3E008BDBAF /* Products */;
			projectDirPath = "";
			projectRoot = "";
			targets = (
				E326478225B75B3E008BDBAF /* UI_GB */,
			);
		};
/* End PBXProject section */

/* Begin PBXResourcesBuildPhase section */
		E326478125B75B3E008BDBAF /* Resources */ = {
			isa = PBXResourcesBuildPhase;
			buildActionMask = 2147483647;
			files = (
				E326479325B75B46008BDBAF /* LaunchScreen.storyboard in Resources */,
				E326479025B75B46008BDBAF /* Assets.xcassets in Resources */,
				E326478E25B75B3E008BDBAF /* Main.storyboard in Resources */,
			);
			runOnlyForDeploymentPostprocessing = 0;
		};
/* End PBXResourcesBuildPhase section */

/* Begin PBXSourcesBuildPhase section */
		E326477F25B75B3E008BDBAF /* Sources */ = {
			isa = PBXSourcesBuildPhase;
			buildActionMask = 2147483647;
			files = (
				E326479B25B75C12008BDBAF /* RegistrationViewController.swift in Sources */,
				E3FA32F225BF05590017CF48 /* GroupsTableViewCell.swift in Sources */,
				E326478725B75B3E008BDBAF /* AppDelegate.swift in Sources */,
				E3FA32EF25BEF8900017CF48 /* FriendTableViewCell.swift in Sources */,
				E3FA32F425BF056C0017CF48 /* GroupsTableViewController.swift in Sources */,
				E3FA32FE25BF12610017CF48 /* UserClass.swift in Sources */,
				E3FA32FA25BF08800017CF48 /* AvailableGroupTableViewCell.swift in Sources */,
				E3FA32F825BF08680017CF48 /* AvailableGroupTableVC.swift in Sources */,
				E3FA32ED25BEF87B0017CF48 /* FriendsTableViewController.swift in Sources */,
				E326478925B75B3E008BDBAF /* SceneDelegate.swift in Sources */,
				E3FA330025BF126C0017CF48 /* GroupClass.swift in Sources */,
			);
			runOnlyForDeploymentPostprocessing = 0;
		};
/* End PBXSourcesBuildPhase section */

/* Begin PBXVariantGroup section */
		E326478C25B75B3E008BDBAF /* Main.storyboard */ = {
			isa = PBXVariantGroup;
			children = (
				E326478D25B75B3E008BDBAF /* Base */,
			);
			name = Main.storyboard;
			sourceTree = "<group>";
		};
		E326479125B75B46008BDBAF /* LaunchScreen.storyboard */ = {
			isa = PBXVariantGroup;
			children = (
				E326479225B75B46008BDBAF /* Base */,
			);
			name = LaunchScreen.storyboard;
			sourceTree = "<group>";
		};
/* End PBXVariantGroup section */

/* Begin XCBuildConfiguration section */
		E326479525B75B46008BDBAF /* Debug */ = {
			isa = XCBuildConfiguration;
			buildSettings = {
				ALWAYS_SEARCH_USER_PATHS = NO;
				CLANG_ANALYZER_NONNULL = YES;
				CLANG_ANALYZER_NUMBER_OBJECT_CONVERSION = YES_AGGRESSIVE;
				CLANG_CXX_LANGUAGE_STANDARD = "gnu++14";
				CLANG_CXX_LIBRARY = "libc++";
				CLANG_ENABLE_MODULES = YES;
				CLANG_ENABLE_OBJC_ARC = YES;
				CLANG_ENABLE_OBJC_WEAK = YES;
				CLANG_WARN_BLOCK_CAPTURE_AUTORELEASING = YES;
				CLANG_WARN_BOOL_CONVERSION = YES;
				CLANG_WARN_COMMA = YES;
				CLANG_WARN_CONSTANT_CONVERSION = YES;
				CLANG_WARN_DEPRECATED_OBJC_IMPLEMENTATIONS = YES;
				CLANG_WARN_DIRECT_OBJC_ISA_USAGE = YES_ERROR;
				CLANG_WARN_DOCUMENTATION_COMMENTS = YES;
				CLANG_WARN_EMPTY_BODY = YES;
				CLANG_WARN_ENUM_CONVERSION = YES;
				CLANG_WARN_INFINITE_RECURSION = YES;
				CLANG_WARN_INT_CONVERSION = YES;
				CLANG_WARN_NON_LITERAL_NULL_CONVERSION = YES;
				CLANG_WARN_OBJC_IMPLICIT_RETAIN_SELF = YES;
				CLANG_WARN_OBJC_LITERAL_CONVERSION = YES;
				CLANG_WARN_OBJC_ROOT_CLASS = YES_ERROR;
				CLANG_WARN_RANGE_LOOP_ANALYSIS = YES;
				CLANG_WARN_STRICT_PROTOTYPES = YES;
				CLANG_WARN_SUSPICIOUS_MOVE = YES;
				CLANG_WARN_UNGUARDED_AVAILABILITY = YES_AGGRESSIVE;
				CLANG_WARN_UNREACHABLE_CODE = YES;
				CLANG_WARN__DUPLICATE_METHOD_MATCH = YES;
				COPY_PHASE_STRIP = NO;
				DEBUG_INFORMATION_FORMAT = dwarf;
				ENABLE_STRICT_OBJC_MSGSEND = YES;
				ENABLE_TESTABILITY = YES;
				GCC_C_LANGUAGE_STANDARD = gnu11;
				GCC_DYNAMIC_NO_PIC = NO;
				GCC_NO_COMMON_BLOCKS = YES;
				GCC_OPTIMIZATION_LEVEL = 0;
				GCC_PREPROCESSOR_DEFINITIONS = (
					"DEBUG=1",
					"$(inherited)",
				);
				GCC_WARN_64_TO_32_BIT_CONVERSION = YES;
				GCC_WARN_ABOUT_RETURN_TYPE = YES_ERROR;
				GCC_WARN_UNDECLARED_SELECTOR = YES;
				GCC_WARN_UNINITIALIZED_AUTOS = YES_AGGRESSIVE;
				GCC_WARN_UNUSED_FUNCTION = YES;
				GCC_WARN_UNUSED_VARIABLE = YES;
				IPHONEOS_DEPLOYMENT_TARGET = 13.4;
				MTL_ENABLE_DEBUG_INFO = INCLUDE_SOURCE;
				MTL_FAST_MATH = YES;
				ONLY_ACTIVE_ARCH = YES;
				SDKROOT = iphoneos;
				SWIFT_ACTIVE_COMPILATION_CONDITIONS = DEBUG;
				SWIFT_OPTIMIZATION_LEVEL = "-Onone";
			};
			name = Debug;
		};
		E326479625B75B46008BDBAF /* Release */ = {
			isa = XCBuildConfiguration;
			buildSettings = {
				ALWAYS_SEARCH_USER_PATHS = NO;
				CLANG_ANALYZER_NONNULL = YES;
				CLANG_ANALYZER_NUMBER_OBJECT_CONVERSION = YES_AGGRESSIVE;
				CLANG_CXX_LANGUAGE_STANDARD = "gnu++14";
				CLANG_CXX_LIBRARY = "libc++";
				CLANG_ENABLE_MODULES = YES;
				CLANG_ENABLE_OBJC_ARC = YES;
				CLANG_ENABLE_OBJC_WEAK = YES;
				CLANG_WARN_BLOCK_CAPTURE_AUTORELEASING = YES;
				CLANG_WARN_BOOL_CONVERSION = YES;
				CLANG_WARN_COMMA = YES;
				CLANG_WARN_CONSTANT_CONVERSION = YES;
				CLANG_WARN_DEPRECATED_OBJC_IMPLEMENTATIONS = YES;
				CLANG_WARN_DIRECT_OBJC_ISA_USAGE = YES_ERROR;
				CLANG_WARN_DOCUMENTATION_COMMENTS = YES;
				CLANG_WARN_EMPTY_BODY = YES;
				CLANG_WARN_ENUM_CONVERSION = YES;
				CLANG_WARN_INFINITE_RECURSION = YES;
				CLANG_WARN_INT_CONVERSION = YES;
				CLANG_WARN_NON_LITERAL_NULL_CONVERSION = YES;
				CLANG_WARN_OBJC_IMPLICIT_RETAIN_SELF = YES;
				CLANG_WARN_OBJC_LITERAL_CONVERSION = YES;
				CLANG_WARN_OBJC_ROOT_CLASS = YES_ERROR;
				CLANG_WARN_RANGE_LOOP_ANALYSIS = YES;
				CLANG_WARN_STRICT_PROTOTYPES = YES;
				CLANG_WARN_SUSPICIOUS_MOVE = YES;
				CLANG_WARN_UNGUARDED_AVAILABILITY = YES_AGGRESSIVE;
				CLANG_WARN_UNREACHABLE_CODE = YES;
				CLANG_WARN__DUPLICATE_METHOD_MATCH = YES;
				COPY_PHASE_STRIP = NO;
				DEBUG_INFORMATION_FORMAT = "dwarf-with-dsym";
				ENABLE_NS_ASSERTIONS = NO;
				ENABLE_STRICT_OBJC_MSGSEND = YES;
				GCC_C_LANGUAGE_STANDARD = gnu11;
				GCC_NO_COMMON_BLOCKS = YES;
				GCC_WARN_64_TO_32_BIT_CONVERSION = YES;
				GCC_WARN_ABOUT_RETURN_TYPE = YES_ERROR;
				GCC_WARN_UNDECLARED_SELECTOR = YES;
				GCC_WARN_UNINITIALIZED_AUTOS = YES_AGGRESSIVE;
				GCC_WARN_UNUSED_FUNCTION = YES;
				GCC_WARN_UNUSED_VARIABLE = YES;
				IPHONEOS_DEPLOYMENT_TARGET = 13.4;
				MTL_ENABLE_DEBUG_INFO = NO;
				MTL_FAST_MATH = YES;
				SDKROOT = iphoneos;
				SWIFT_COMPILATION_MODE = wholemodule;
				SWIFT_OPTIMIZATION_LEVEL = "-O";
				VALIDATE_PRODUCT = YES;
			};
			name = Release;
		};
		E326479825B75B46008BDBAF /* Debug */ = {
			isa = XCBuildConfiguration;
			buildSettings = {
				ASSETCATALOG_COMPILER_APPICON_NAME = AppIcon;
				CODE_SIGN_STYLE = Automatic;
				DEVELOPMENT_TEAM = GD5KA74QPM;
				INFOPLIST_FILE = UI_GB/Info.plist;
				LD_RUNPATH_SEARCH_PATHS = (
					"$(inherited)",
					"@executable_path/Frameworks",
				);
				PRODUCT_BUNDLE_IDENTIFIER = "ab429.UI-GB";
				PRODUCT_NAME = "$(TARGET_NAME)";
				SWIFT_VERSION = 5.0;
				TARGETED_DEVICE_FAMILY = "1,2";
			};
			name = Debug;
		};
		E326479925B75B46008BDBAF /* Release */ = {
			isa = XCBuildConfiguration;
			buildSettings = {
				ASSETCATALOG_COMPILER_APPICON_NAME = AppIcon;
				CODE_SIGN_STYLE = Automatic;
				DEVELOPMENT_TEAM = GD5KA74QPM;
				INFOPLIST_FILE = UI_GB/Info.plist;
				LD_RUNPATH_SEARCH_PATHS = (
					"$(inherited)",
					"@executable_path/Frameworks",
				);
				PRODUCT_BUNDLE_IDENTIFIER = "ab429.UI-GB";
				PRODUCT_NAME = "$(TARGET_NAME)";
				SWIFT_VERSION = 5.0;
				TARGETED_DEVICE_FAMILY = "1,2";
			};
			name = Release;
		};
/* End XCBuildConfiguration section */

/* Begin XCConfigurationList section */
		E326477E25B75B3E008BDBAF /* Build configuration list for PBXProject "UI_GB" */ = {
			isa = XCConfigurationList;
			buildConfigurations = (
				E326479525B75B46008BDBAF /* Debug */,
				E326479625B75B46008BDBAF /* Release */,
			);
			defaultConfigurationIsVisible = 0;
			defaultConfigurationName = Release;
		};
		E326479725B75B46008BDBAF /* Build configuration list for PBXNativeTarget "UI_GB" */ = {
			isa = XCConfigurationList;
			buildConfigurations = (
				E326479825B75B46008BDBAF /* Debug */,
				E326479925B75B46008BDBAF /* Release */,
			);
			defaultConfigurationIsVisible = 0;
			defaultConfigurationName = Release;
		};
/* End XCConfigurationList section */
	};
	rootObject = E326477B25B75B3E008BDBAF /* Project object */;
}
